
Microsoft Visual Studio Solution File, Format Version 12.00
# Visual Studio Version 17
VisualStudioVersion = 17.14.36414.22 d17.14
MinimumVisualStudioVersion = 10.0.40219.1
Project("{FAE04EC0-301F-11D3-BF4B-00C04F79EFBC}") = "Avalonia_Oklab_UI_PJT", "Avalonia_Oklab_UI_PJT\Avalonia_Oklab_UI_PJT.csproj", "{09640B42-E74E-0F04-95C1-8EEEE66D0BF9}"
EndProject
Project("{FAE04EC0-301F-11D3-BF4B-00C04F79EFBC}") = "Avalonia_Oklab_UI_PJT.Android", "Avalonia_Oklab_UI_PJT.Android\Avalonia_Oklab_UI_PJT.Android.csproj", "{120F5998-BCAF-F5B4-83D6-09C147CBA7EF}"
EndProject
Project("{FAE04EC0-301F-11D3-BF4B-00C04F79EFBC}") = "Avalonia_Oklab_UI_PJT.Desktop", "Avalonia_Oklab_UI_PJT.Desktop\Avalonia_Oklab_UI_PJT.Desktop.csproj", "{E146DC71-0295-1FA0-670D-4FCAEE034816}"
EndProject
Global
	GlobalSection(SolutionConfigurationPlatforms) = preSolution
		Debug|Any CPU = Debug|Any CPU
		Release|Any CPU = Release|Any CPU
	EndGlobalSection
	GlobalSection(ProjectConfigurationPlatforms) = postSolution
		{09640B42-E74E-0F04-95C1-8EEEE66D0BF9}.Debug|Any CPU.ActiveCfg = Debug|Any CPU
		{09640B42-E74E-0F04-95C1-8EEEE66D0BF9}.Debug|Any CPU.Build.0 = Debug|Any CPU
		{09640B42-E74E-0F04-95C1-8EEEE66D0BF9}.Release|Any CPU.ActiveCfg = Release|Any CPU
		{09640B42-E74E-0F04-95C1-8EEEE66D0BF9}.Release|Any CPU.Build.0 = Release|Any CPU
		{120F5998-BCAF-F5B4-83D6-09C147CBA7EF}.Debug|Any CPU.ActiveCfg = Debug|Any CPU
		{120F5998-BCAF-F5B4-83D6-09C147CBA7EF}.Debug|Any CPU.Build.0 = Debug|Any CPU
		{120F5998-BCAF-F5B4-83D6-09C147CBA7EF}.Debug|Any CPU.Deploy.0 = Debug|Any CPU
		{120F5998-BCAF-F5B4-83D6-09C147CBA7EF}.Release|Any CPU.ActiveCfg = Release|Any CPU
		{120F5998-BCAF-F5B4-83D6-09C147CBA7EF}.Release|Any CPU.Build.0 = Release|Any CPU
		{120F5998-BCAF-F5B4-83D6-09C147CBA7EF}.Release|Any CPU.Deploy.0 = Release|Any CPU
		{E146DC71-0295-1FA0-670D-4FCAEE034816}.Debug|Any CPU.ActiveCfg = Debug|Any CPU
		{E146DC71-0295-1FA0-670D-4FCAEE034816}.Debug|Any CPU.Build.0 = Debug|Any CPU
		{E146DC71-0295-1FA0-670D-4FCAEE034816}.Release|Any CPU.ActiveCfg = Release|Any CPU
		{E146DC71-0295-1FA0-670D-4FCAEE034816}.Release|Any CPU.Build.0 = Release|Any CPU
	EndGlobalSection
	GlobalSection(SolutionProperties) = preSolution
		HideSolutionNode = FALSE
	EndGlobalSection
	GlobalSection(ExtensibilityGlobals) = postSolution
		SolutionGuid = {3D75B056-F46C-41C9-A62B-FD695CDC57C3}
	EndGlobalSection
EndGlobal
